
Microsoft Visual Studio Solution File, Format Version 12.00
# Visual Studio Version 16
VisualStudioVersion = 16.0.31702.278
MinimumVisualStudioVersion = 10.0.40219.1
Project("{FAE04EC0-301F-11D3-BF4B-00C04F79EFBC}") = "Homework2.7.3", "Homework2.7.3\Homework2.7.3.csproj", "{AA36DC6C-EBE1-48C5-9862-922BB60EDD79}"
EndProject
Global
	GlobalSection(SolutionConfigurationPlatforms) = preSolution
		Debug|Any CPU = Debug|Any CPU
		Release|Any CPU = Release|Any CPU
	EndGlobalSection
	GlobalSection(ProjectConfigurationPlatforms) = postSolution
		{AA36DC6C-EBE1-48C5-9862-922BB60EDD79}.Debug|Any CPU.ActiveCfg = Debug|Any CPU
		{AA36DC6C-EBE1-48C5-9862-922BB60EDD79}.Debug|Any CPU.Build.0 = Debug|Any CPU
		{AA36DC6C-EBE1-48C5-9862-922BB60EDD79}.Release|Any CPU.ActiveCfg = Release|Any CPU
		{AA36DC6C-EBE1-48C5-9862-922BB60EDD79}.Release|Any CPU.Build.0 = Release|Any CPU
	EndGlobalSection
	GlobalSection(SolutionProperties) = preSolution
		HideSolutionNode = FALSE
	EndGlobalSection
	GlobalSection(ExtensibilityGlobals) = postSolution
		SolutionGuid = {6F83D47C-63C2-4AC8-87B7-DF9923408A79}
	EndGlobalSection
EndGlobal
